{
    "_meta": {
        "hash": {
            "sha256": "55bf63f49347c00556835124bab85d6b39b73a6c62c5ed1fa839ba04b56e78d6"
        },
        "pipfile-spec": 6,
        "requires": {
            "python_version": "3.12"
        },
        "sources": [
            {
                "name": "pypi",
                "url": "https://pypi.org/simple",
                "verify_ssl": true
            }
        ]
    },
    "default": {
        "pypinyin": {
            "hashes": [
                "sha256:a2d39ddc2bd31b55897bbb10d2e11a0c4d399988a97c00ad489c151afd9b106d",
                "sha256:a906768919da3c31771f2c5e0e5a759214dc38d0087e15e6ff67649e03df8097"
            ],
            "index": "pypi",
            "markers": "python_version >= '2.6' and python_version not in '3.0, 3.1, 3.2' and python_version < '4'",
            "version": "==0.53.0"
        }
    },
    "develop": {}
}
